
Microsoft Visual Studio Solution File, Format Version 12.00
# Visual Studio Version 16
VisualStudioVersion = 16.0.29519.181
MinimumVisualStudioVersion = 10.0.40219.1
Project("{FAE04EC0-301F-11D3-BF4B-00C04F79EFBC}") = "doc_du_lieu_excel", "doc_du_lieu_excel.csproj", "{004C20B4-6746-4596-A831-19FE4B730A00}"
EndProject
Global
	GlobalSection(SolutionConfigurationPlatforms) = preSolution
		Debug|Any CPU = Debug|Any CPU
		Release|Any CPU = Release|Any CPU
	EndGlobalSection
	GlobalSection(ProjectConfigurationPlatforms) = postSolution
		{004C20B4-6746-4596-A831-19FE4B730A00}.Debug|Any CPU.ActiveCfg = Debug|Any CPU
		{004C20B4-6746-4596-A831-19FE4B730A00}.Debug|Any CPU.Build.0 = Debug|Any CPU
		{004C20B4-6746-4596-A831-19FE4B730A00}.Release|Any CPU.ActiveCfg = Release|Any CPU
		{004C20B4-6746-4596-A831-19FE4B730A00}.Release|Any CPU.Build.0 = Release|Any CPU
	EndGlobalSection
	GlobalSection(SolutionProperties) = preSolution
		HideSolutionNode = FALSE
	EndGlobalSection
	GlobalSection(ExtensibilityGlobals) = postSolution
		SolutionGuid = {05D310CB-E7A5-4218-AFA6-588F247F9883}
	EndGlobalSection
EndGlobal
